{
  "name": "PersonalPortfolio",
  "lockfileVersion": 2,
  "requires": true,
  "packages": {
    "": {
      "dependencies": {
        "@splinetool/runtime": "^0.9.64"
      }
    },
    "node_modules/@splinetool/runtime": {
      "version": "0.9.64",
      "resolved": "https://registry.npmjs.org/@splinetool/runtime/-/runtime-0.9.64.tgz",
      "integrity": "sha512-itoG78z0zWNfYQ9O7KKigTv51C8wv/pTvWosn8zuVY8elUXqkQSv9jcAHhR8USnAN2WTtc1zmn7XyMiAbRavRQ==",
      "dependencies": {
        "on-change": "^4.0.0"
      }
    },
    "node_modules/on-change": {
      "version": "4.0.1",
      "resolved": "https://registry.npmjs.org/on-change/-/on-change-4.0.1.tgz",
      "integrity": "sha512-Gxmr/8NsLTigoUUEPvnAIUGl7uxwfC3Mm1G+qTmODEZcT4ZGfeaFyQgfGCdbKVS2pICIFYB82RH6MUHToPcS4Q==",
      "engines": {
        "node": "^12.20.0 || ^14.13.1 || >=16.0.0"
      },
      "funding": {
        "url": "https://github.com/sindresorhus/on-change?sponsor=1"
      }
    }
  },
  "dependencies": {
    "@splinetool/runtime": {
      "version": "0.9.64",
      "resolved": "https://registry.npmjs.org/@splinetool/runtime/-/runtime-0.9.64.tgz",
      "integrity": "sha512-itoG78z0zWNfYQ9O7KKigTv51C8wv/pTvWosn8zuVY8elUXqkQSv9jcAHhR8USnAN2WTtc1zmn7XyMiAbRavRQ==",
      "requires": {
        "on-change": "^4.0.0"
      }
    },
    "on-change": {
      "version": "4.0.1",
      "resolved": "https://registry.npmjs.org/on-change/-/on-change-4.0.1.tgz",
      "integrity": "sha512-Gxmr/8NsLTigoUUEPvnAIUGl7uxwfC3Mm1G+qTmODEZcT4ZGfeaFyQgfGCdbKVS2pICIFYB82RH6MUHToPcS4Q=="
    }
  }
}
